github.com/certifi/gocertifi v0.0.0-20210507190007-c75ae49750cc h1:2OmPvvNmRUIt0Mnag7GgofWUw5f5v2WFjTwRLx+J3fc=
github.com/certifi/gocertifi v0.0.0-20210507190007-c75ae49750cc/go.mod h1:sGbDF6GwGcLpkNXPUTkMRoywsNa/ol15pxFe6ERfguA=
github.com/golang/snappy v0.0.3/go.mod h1:/XxbfmMg8lxefKM7IXC3fBNl/7bRcc72aCRzEWrmP2Q=
github.com/klauspost/compress v1.13.1 h1:wXr2uRxZTJXHLly6qhJabee5JqIhTRoLBhDOA74hDEQ=
github.com/klauspost/compress v1.13.1/go.mod h1:8dP1Hq4DHOhN9w426knH3Rhby4rFm6D8eO+e+Dq5Gzg=
